
Microsoft Visual Studio Solution File, Format Version 12.00
# Visual Studio Version 16
VisualStudioVersion = 16.0.31702.278
MinimumVisualStudioVersion = 10.0.40219.1
Project("{FAE04EC0-301F-11D3-BF4B-00C04F79EFBC}") = "Part73DictionalyExamples", "Part73DictionalyExamples\Part73DictionalyExamples.csproj", "{0C2168BC-6013-4D93-B96E-E619ECCF43E6}"
EndProject
Global
	GlobalSection(SolutionConfigurationPlatforms) = preSolution
		Debug|Any CPU = Debug|Any CPU
		Release|Any CPU = Release|Any CPU
	EndGlobalSection
	GlobalSection(ProjectConfigurationPlatforms) = postSolution
		{0C2168BC-6013-4D93-B96E-E619ECCF43E6}.Debug|Any CPU.ActiveCfg = Debug|Any CPU
		{0C2168BC-6013-4D93-B96E-E619ECCF43E6}.Debug|Any CPU.Build.0 = Debug|Any CPU
		{0C2168BC-6013-4D93-B96E-E619ECCF43E6}.Release|Any CPU.ActiveCfg = Release|Any CPU
		{0C2168BC-6013-4D93-B96E-E619ECCF43E6}.Release|Any CPU.Build.0 = Release|Any CPU
	EndGlobalSection
	GlobalSection(SolutionProperties) = preSolution
		HideSolutionNode = FALSE
	EndGlobalSection
	GlobalSection(ExtensibilityGlobals) = postSolution
		SolutionGuid = {8E783BC7-6A11-4448-9E02-A73E21B306F8}
	EndGlobalSection
EndGlobal
